<?xml version="1.0" encoding="utf-8"?>
<Project ToolsVersion="4.0" xmlns="http://schemas.microsoft.com/developer/msbuild/2003">
  <ItemGroup>
    <Filter Include="99.Defines">
      <UniqueIdentifier>{3d9e41f6-a1e4-42dd-9610-adce6a4ecb04}</UniqueIdentifier>
    </Filter>
    <Filter Include="98.Default">
      <UniqueIdentifier>{faced698-6553-4ebb-933c-a9d07f43f5a0}</UniqueIdentifier>
    </Filter>
    <Filter Include="00.MainApp">
      <UniqueIdentifier>{e082918c-7608-4b61-a259-b7d0bde29fe9}</UniqueIdentifier>
    </Filter>
    <Filter Include="01.Level">
      <UniqueIdentifier>{ccd69ac7-3011-450b-9fbe-e0a0abafb033}</UniqueIdentifier>
    </Filter>
    <Filter Include="01.Level\99.Loading">
      <UniqueIdentifier>{f4a6348f-ce4b-42a0-b988-f31253c06627}</UniqueIdentifier>
    </Filter>
    <Filter Include="01.Level\01.Logo">
      <UniqueIdentifier>{2d052521-6517-45a3-80d6-5e40b91179ca}</UniqueIdentifier>
    </Filter>
    <Filter Include="01.Level\02.GamePlay">
      <UniqueIdentifier>{4610ea0e-ebf7-4b2f-98d4-0cd37e3f1657}</UniqueIdentifier>
    </Filter>
    <Filter Include="01.Level\99.Loading\Loader">
      <UniqueIdentifier>{304efe14-efd3-4d8d-beef-d72cf2ca3c91}</UniqueIdentifier>
    </Filter>
    <Filter Include="02.GameObject">
      <UniqueIdentifier>{8c6b9442-3ac7-4475-9ea4-5eeb25a4715c}</UniqueIdentifier>
    </Filter>
    <Filter Include="02.GameObject\BackGround">
      <UniqueIdentifier>{218b6406-079d-412e-8019-7e113037842d}</UniqueIdentifier>
    </Filter>
    <Filter Include="97.ShaderFiles">
      <UniqueIdentifier>{1cd67f43-c723-41ff-a2d5-c0a3e3c9530c}</UniqueIdentifier>
    </Filter>
    <Filter Include="02.GameObject\Camera">
      <UniqueIdentifier>{183dec6c-97df-416f-bf56-46242f5fa897}</UniqueIdentifier>
    </Filter>
    <Filter Include="02.GameObject\Camera\Camera_Free">
      <UniqueIdentifier>{9d801937-d3fc-4fb1-a95a-4c6cc488bee8}</UniqueIdentifier>
    </Filter>
    <Filter Include="02.GameObject\Player">
      <UniqueIdentifier>{ce65c5a9-d4bd-4524-95e0-7c49bef1f3cc}</UniqueIdentifier>
    </Filter>
    <Filter Include="02.GameObject\Player\Body">
      <UniqueIdentifier>{e7fd180b-cb7a-4c18-b7b0-d42f0cbfd704}</UniqueIdentifier>
    </Filter>
    <Filter Include="02.GameObject\Player\Weapon">
      <UniqueIdentifier>{7e236586-daf8-4b0b-97bc-ae09bef675fc}</UniqueIdentifier>
    </Filter>
    <Filter Include="02.GameObject\Effect">
      <UniqueIdentifier>{9e7fcad4-496e-4017-b63d-f8f5214ea00b}</UniqueIdentifier>
    </Filter>
    <Filter Include="02.GameObject\Sky">
      <UniqueIdentifier>{445514f7-ecbc-4eee-90ce-e9e9f96fb668}</UniqueIdentifier>
    </Filter>
    <Filter Include="02.GameObject\Terrain">
      <UniqueIdentifier>{78b0b318-a23b-4569-8f88-c7484fe6212f}</UniqueIdentifier>
    </Filter>
    <Filter Include="02.GameObject\0.Ladder">
      <UniqueIdentifier>{8d0f4be0-587b-4a21-8752-52f739d79161}</UniqueIdentifier>
    </Filter>
    <Filter Include="02.GameObject\LobTrap">
      <UniqueIdentifier>{a04912fe-774e-47db-acec-0001369a83bb}</UniqueIdentifier>
    </Filter>
    <Filter Include="02.GameObject\Boss">
      <UniqueIdentifier>{46740bbd-aaa2-41ea-90b6-48784443a5b6}</UniqueIdentifier>
    </Filter>
    <Filter Include="96.ImGUI">
      <UniqueIdentifier>{9d9f89b7-7a19-41a3-8656-a3c729912e86}</UniqueIdentifier>
    </Filter>
    <Filter Include="96.ImGUI\Code">
      <UniqueIdentifier>{01892be0-6f34-4b19-bef6-6e31a698dfb9}</UniqueIdentifier>
    </Filter>
    <Filter Include="96.ImGUI\Header">
      <UniqueIdentifier>{3b3e5ce2-5895-4add-80aa-3f7f55bfadb4}</UniqueIdentifier>
    </Filter>
    <Filter Include="02.GameObject\UI_Scene">
      <UniqueIdentifier>{420a30ad-8a10-42b2-bcc7-ddad3d6fef83}</UniqueIdentifier>
    </Filter>
    <Filter Include="02.GameObject\UI_Object">
      <UniqueIdentifier>{94bad924-fc7d-4174-a62d-38d531e84dd0}</UniqueIdentifier>
    </Filter>
    <Filter Include="02.GameObject\UI_Object\Attribute_button_Player">
      <UniqueIdentifier>{95cbbdf3-df0d-405f-90ab-7cd7573c5a92}</UniqueIdentifier>
    </Filter>
    <Filter Include="02.GameObject\UI_Object\Menu_LeftBackground">
      <UniqueIdentifier>{0126ca11-a395-4bf1-b58d-caf198e80502}</UniqueIdentifier>
    </Filter>
    <Filter Include="02.GameObject\UI_Scene\PlayerAttribute">
      <UniqueIdentifier>{bb1a3a43-4a5b-4ea2-8915-fe51783d7476}</UniqueIdentifier>
    </Filter>
    <Filter Include="02.GameObject\UI_Scene\PlayerLevelUp">
      <UniqueIdentifier>{75b60a10-c0ef-451d-9fdc-de9b0c75a65f}</UniqueIdentifier>
    </Filter>
    <Filter Include="02.GameObject\UI_Scene\BossHP">
      <UniqueIdentifier>{4603ceec-da1e-46da-ac9f-c41aee4c629f}</UniqueIdentifier>
    </Filter>
    <Filter Include="02.GameObject\UI_Object\BossHP_HPBar">
      <UniqueIdentifier>{7979f5b2-ff0b-4769-9e5a-98641bfdb4ab}</UniqueIdentifier>
    </Filter>
  </ItemGroup>
  <ItemGroup>
    <ClInclude Include="Client.h">
      <Filter>98.Default</Filter>
    </ClInclude>
    <ClInclude Include="Resource.h">
      <Filter>98.Default</Filter>
    </ClInclude>
    <ClInclude Include="pch.h">
      <Filter>98.Default</Filter>
    </ClInclude>
    <ClInclude Include="targetver.h">
      <Filter>98.Default</Filter>
    </ClInclude>
    <ClInclude Include="..\public\MainApp.h">
      <Filter>00.MainApp</Filter>
    </ClInclude>
    <ClInclude Include="..\Public\Client_Defines.h">
      <Filter>99.Defines</Filter>
    </ClInclude>
    <ClInclude Include="..\Public\Level_Logo.h">
      <Filter>01.Level\01.Logo</Filter>
    </ClInclude>
    <ClInclude Include="..\Public\Level_GamePlay.h">
      <Filter>01.Level\02.GamePlay</Filter>
    </ClInclude>
    <ClInclude Include="..\Public\Level_Loading.h">
      <Filter>01.Level\99.Loading</Filter>
    </ClInclude>
    <ClInclude Include="..\public\Loader.h">
      <Filter>01.Level\99.Loading\Loader</Filter>
    </ClInclude>
    <ClInclude Include="..\Public\BackGround.h">
      <Filter>02.GameObject\BackGround</Filter>
    </ClInclude>
    <ClInclude Include="..\public\Camera_Free.h">
      <Filter>02.GameObject\Camera\Camera_Free</Filter>
    </ClInclude>
    <ClInclude Include="..\public\Player.h">
      <Filter>02.GameObject\Player</Filter>
    </ClInclude>
    <ClInclude Include="..\public\Body_Player.h">
      <Filter>02.GameObject\Player\Body</Filter>
    </ClInclude>
    <ClInclude Include="..\public\Weapon.h">
      <Filter>02.GameObject\Player\Weapon</Filter>
    </ClInclude>
    <ClInclude Include="..\public\Sky.h">
      <Filter>02.GameObject\Sky</Filter>
    </ClInclude>
    <ClInclude Include="..\public\Terrain.h">
      <Filter>02.GameObject\Terrain</Filter>
    </ClInclude>
    <ClInclude Include="..\Public\Ladder.h">
      <Filter>02.GameObject\0.Ladder</Filter>
    </ClInclude>
    <ClInclude Include="..\Public\LobTrap.h">
      <Filter>02.GameObject\LobTrap</Filter>
    </ClInclude>
    <ClInclude Include="..\Public\Boss_Magician.h">
      <Filter>02.GameObject\Boss</Filter>
    </ClInclude>
    <ClInclude Include="..\Public\Boss_Varg.h">
      <Filter>02.GameObject\Boss</Filter>
    </ClInclude>
    <ClInclude Include="..\Public\UI_LevelUP.h">
      <Filter>02.GameObject\UI_Scene\PlayerLevelUp</Filter>
    </ClInclude>
    <ClInclude Include="..\Public\UI_AttributeButton.h">
      <Filter>02.GameObject\UI_Object\Attribute_button_Player</Filter>
    </ClInclude>
    <ClInclude Include="..\Public\UI_PlayerAttribute.h">
      <Filter>02.GameObject\UI_Scene\PlayerAttribute</Filter>
    </ClInclude>
    <ClInclude Include="..\Public\UI_LeftBackground.h">
      <Filter>02.GameObject\UI_Object\Menu_LeftBackground</Filter>
    </ClInclude>
    <ClInclude Include="..\ImGui\imconfig.h">
      <Filter>96.ImGUI\Header</Filter>
    </ClInclude>
    <ClInclude Include="..\ImGui\imgui.h">
      <Filter>96.ImGUI\Header</Filter>
    </ClInclude>
    <ClInclude Include="..\ImGui\imgui_impl_dx11.h">
      <Filter>96.ImGUI\Header</Filter>
    </ClInclude>
    <ClInclude Include="..\ImGui\imgui_impl_win32.h">
      <Filter>96.ImGUI\Header</Filter>
    </ClInclude>
    <ClInclude Include="..\ImGui\imgui_internal.h">
      <Filter>96.ImGUI\Header</Filter>
    </ClInclude>
    <ClInclude Include="..\ImGui\imstb_rectpack.h">
      <Filter>96.ImGUI\Header</Filter>
    </ClInclude>
    <ClInclude Include="..\ImGui\imstb_textedit.h">
      <Filter>96.ImGUI\Header</Filter>
    </ClInclude>
    <ClInclude Include="..\ImGui\imstb_truetype.h">
      <Filter>96.ImGUI\Header</Filter>
    </ClInclude>
  </ItemGroup>
  <ItemGroup>
    <ClCompile Include="Client.cpp">
      <Filter>98.Default</Filter>
    </ClCompile>
    <ClCompile Include="pch.cpp">
      <Filter>98.Default</Filter>
    </ClCompile>
    <ClCompile Include="..\private\MainApp.cpp">
      <Filter>00.MainApp</Filter>
    </ClCompile>
    <ClCompile Include="..\Private\Level_Logo.cpp">
      <Filter>01.Level\01.Logo</Filter>
    </ClCompile>
    <ClCompile Include="..\Private\Level_GamePlay.cpp">
      <Filter>01.Level\02.GamePlay</Filter>
    </ClCompile>
    <ClCompile Include="..\Private\Level_Loading.cpp">
      <Filter>01.Level\99.Loading</Filter>
    </ClCompile>
    <ClCompile Include="..\private\Loader.cpp">
      <Filter>01.Level\99.Loading\Loader</Filter>
    </ClCompile>
    <ClCompile Include="..\Private\BackGround.cpp">
      <Filter>02.GameObject\BackGround</Filter>
    </ClCompile>
    <ClCompile Include="..\private\Camera_Free.cpp">
      <Filter>02.GameObject\Camera\Camera_Free</Filter>
    </ClCompile>
    <ClCompile Include="..\private\Player.cpp">
      <Filter>02.GameObject\Player</Filter>
    </ClCompile>
    <ClCompile Include="..\private\Body_Player.cpp">
      <Filter>02.GameObject\Player\Body</Filter>
    </ClCompile>
    <ClCompile Include="..\private\Weapon.cpp">
      <Filter>02.GameObject\Player\Weapon</Filter>
    </ClCompile>
    <ClCompile Include="..\private\Sky.cpp">
      <Filter>02.GameObject\Sky</Filter>
    </ClCompile>
    <ClCompile Include="..\private\Terrain.cpp">
      <Filter>02.GameObject\Terrain</Filter>
    </ClCompile>
    <ClCompile Include="..\Private\Ladder.cpp">
      <Filter>02.GameObject\0.Ladder</Filter>
    </ClCompile>
    <ClCompile Include="..\Private\LobTrap.cpp">
      <Filter>02.GameObject\LobTrap</Filter>
    </ClCompile>
    <ClCompile Include="..\Private\Boss_Magician.cpp">
      <Filter>02.GameObject\Boss</Filter>
    </ClCompile>
    <ClCompile Include="..\Private\Boss_Varg.cpp">
      <Filter>02.GameObject\Boss</Filter>
    </ClCompile>
    <ClCompile Include="..\Private\UI_LevelUP.cpp">
      <Filter>02.GameObject\UI_Scene\PlayerLevelUp</Filter>
    </ClCompile>
    <ClCompile Include="..\Private\UI_AttributeButton.cpp">
      <Filter>02.GameObject\UI_Object\Attribute_button_Player</Filter>
    </ClCompile>
    <ClCompile Include="..\Private\UI_PlayerAttribute.cpp">
      <Filter>02.GameObject\UI_Scene\PlayerAttribute</Filter>
    </ClCompile>
    <ClCompile Include="..\Private\UI_LeftBackground.cpp">
      <Filter>02.GameObject\UI_Object\Menu_LeftBackground</Filter>
    </ClCompile>
    <ClCompile Include="..\ImGui\imgui_impl_win32.cpp">
      <Filter>96.ImGUI\Code</Filter>
    </ClCompile>
    <ClCompile Include="..\ImGui\imgui_tables.cpp">
      <Filter>96.ImGUI\Code</Filter>
    </ClCompile>
    <ClCompile Include="..\ImGui\imgui_widgets.cpp">
      <Filter>96.ImGUI\Code</Filter>
    </ClCompile>
    <ClCompile Include="..\ImGui\imgui.cpp">
      <Filter>96.ImGUI\Code</Filter>
    </ClCompile>
    <ClCompile Include="..\ImGui\imgui_demo.cpp">
      <Filter>96.ImGUI\Code</Filter>
    </ClCompile>
    <ClCompile Include="..\ImGui\imgui_draw.cpp">
      <Filter>96.ImGUI\Code</Filter>
    </ClCompile>
    <ClCompile Include="..\ImGui\imgui_impl_dx11.cpp">
      <Filter>96.ImGUI\Code</Filter>
    </ClCompile>
  </ItemGroup>
  <ItemGroup>
    <Image Include="Client.ico">
      <Filter>98.Default</Filter>
    </Image>
    <Image Include="small.ico">
      <Filter>98.Default</Filter>
    </Image>
  </ItemGroup>
  <ItemGroup>
    <ResourceCompile Include="Client.rc">
      <Filter>98.Default</Filter>
    </ResourceCompile>
  </ItemGroup>
  <ItemGroup>
    <Text Include="ReadMe.txt">
      <Filter>98.Default</Filter>
    </Text>
  </ItemGroup>
  <ItemGroup>
    <FxCompile Include="..\Bin\ShaderFiles\Shader_VtxPosTex.hlsl">
      <Filter>97.ShaderFiles</Filter>
    </FxCompile>
    <FxCompile Include="..\Bin\ShaderFiles\Shader_VtxNorTex.hlsl">
      <Filter>97.ShaderFiles</Filter>
    </FxCompile>
    <FxCompile Include="..\Bin\ShaderFiles\Shader_VtxMesh.hlsl">
      <Filter>97.ShaderFiles</Filter>
    </FxCompile>
    <FxCompile Include="..\Bin\ShaderFiles\Shader_VtxAnimMesh.hlsl">
      <Filter>97.ShaderFiles</Filter>
    </FxCompile>
    <FxCompile Include="..\Bin\ShaderFiles\Shader_VtxPosTexInstance.hlsl">
      <Filter>97.ShaderFiles</Filter>
    </FxCompile>
    <FxCompile Include="..\Bin\ShaderFiles\Shader_VtxPointInstance.hlsl">
      <Filter>97.ShaderFiles</Filter>
    </FxCompile>
    <FxCompile Include="..\Bin\ShaderFiles\Shader_VtxCube.hlsl">
      <Filter>97.ShaderFiles</Filter>
    </FxCompile>
    <FxCompile Include="..\Bin\ShaderFiles\Shader_Water.hlsl">
      <Filter>97.ShaderFiles</Filter>
    </FxCompile>
    <FxCompile Include="..\Bin\ShaderFiles\Shader_VtxMeshNoDefferd.hlsl">
      <Filter>97.ShaderFiles</Filter>
    </FxCompile>
    <FxCompile Include="..\Bin\ShaderFiles\Shader_VtxAnimMeshNoDefferd.hlsl">
      <Filter>97.ShaderFiles</Filter>
    </FxCompile>
    <FxCompile Include="..\Bin\ShaderFiles\Shader_VtxPosTexAge.hlsl">
      <Filter>97.ShaderFiles</Filter>
    </FxCompile>
  </ItemGroup>
</Project>