<?xml version="1.0" encoding="utf-8"?>
<Project ToolsVersion="4.0" xmlns="http://schemas.microsoft.com/developer/msbuild/2003">
  <ItemGroup>
    <Filter Include="99.Defines">
      <UniqueIdentifier>{3d9e41f6-a1e4-42dd-9610-adce6a4ecb04}</UniqueIdentifier>
    </Filter>
    <Filter Include="98.Default">
      <UniqueIdentifier>{faced698-6553-4ebb-933c-a9d07f43f5a0}</UniqueIdentifier>
    </Filter>
    <Filter Include="00.MainApp">
      <UniqueIdentifier>{e082918c-7608-4b61-a259-b7d0bde29fe9}</UniqueIdentifier>
    </Filter>
    <Filter Include="01.Level">
      <UniqueIdentifier>{ccd69ac7-3011-450b-9fbe-e0a0abafb033}</UniqueIdentifier>
    </Filter>
    <Filter Include="01.Level\99.Loading">
      <UniqueIdentifier>{f4a6348f-ce4b-42a0-b988-f31253c06627}</UniqueIdentifier>
    </Filter>
    <Filter Include="01.Level\01.Logo">
      <UniqueIdentifier>{2d052521-6517-45a3-80d6-5e40b91179ca}</UniqueIdentifier>
    </Filter>
    <Filter Include="01.Level\02.GamePlay">
      <UniqueIdentifier>{4610ea0e-ebf7-4b2f-98d4-0cd37e3f1657}</UniqueIdentifier>
    </Filter>
    <Filter Include="01.Level\99.Loading\Loader">
      <UniqueIdentifier>{304efe14-efd3-4d8d-beef-d72cf2ca3c91}</UniqueIdentifier>
    </Filter>
    <Filter Include="02.GameObject">
      <UniqueIdentifier>{8c6b9442-3ac7-4475-9ea4-5eeb25a4715c}</UniqueIdentifier>
    </Filter>
    <Filter Include="02.GameObject\BackGround">
      <UniqueIdentifier>{218b6406-079d-412e-8019-7e113037842d}</UniqueIdentifier>
    </Filter>
    <Filter Include="97.ShaderFiles">
      <UniqueIdentifier>{1cd67f43-c723-41ff-a2d5-c0a3e3c9530c}</UniqueIdentifier>
    </Filter>
    <Filter Include="02.GameObject\Camera">
      <UniqueIdentifier>{183dec6c-97df-416f-bf56-46242f5fa897}</UniqueIdentifier>
    </Filter>
    <Filter Include="02.GameObject\Camera\Camera_Free">
      <UniqueIdentifier>{9d801937-d3fc-4fb1-a95a-4c6cc488bee8}</UniqueIdentifier>
    </Filter>
    <Filter Include="02.GameObject\Player">
      <UniqueIdentifier>{ce65c5a9-d4bd-4524-95e0-7c49bef1f3cc}</UniqueIdentifier>
    </Filter>
    <Filter Include="02.GameObject\Player\Body">
      <UniqueIdentifier>{e7fd180b-cb7a-4c18-b7b0-d42f0cbfd704}</UniqueIdentifier>
    </Filter>
    <Filter Include="02.GameObject\Player\Weapon">
      <UniqueIdentifier>{7e236586-daf8-4b0b-97bc-ae09bef675fc}</UniqueIdentifier>
    </Filter>
    <Filter Include="02.GameObject\Effect">
      <UniqueIdentifier>{9e7fcad4-496e-4017-b63d-f8f5214ea00b}</UniqueIdentifier>
    </Filter>
    <Filter Include="02.GameObject\Sky">
      <UniqueIdentifier>{445514f7-ecbc-4eee-90ce-e9e9f96fb668}</UniqueIdentifier>
    </Filter>
    <Filter Include="02.GameObject\Terrain">
      <UniqueIdentifier>{78b0b318-a23b-4569-8f88-c7484fe6212f}</UniqueIdentifier>
    </Filter>
    <Filter Include="02.GameObject\0.Ladder">
      <UniqueIdentifier>{8d0f4be0-587b-4a21-8752-52f739d79161}</UniqueIdentifier>
    </Filter>
    <Filter Include="02.GameObject\LobTrap">
      <UniqueIdentifier>{a04912fe-774e-47db-acec-0001369a83bb}</UniqueIdentifier>
    </Filter>
    <Filter Include="02.GameObject\Boss">
      <UniqueIdentifier>{46740bbd-aaa2-41ea-90b6-48784443a5b6}</UniqueIdentifier>
    </Filter>
    <Filter Include="96.ImGUI">
      <UniqueIdentifier>{9d9f89b7-7a19-41a3-8656-a3c729912e86}</UniqueIdentifier>
    </Filter>
    <Filter Include="96.ImGUI\Code">
      <UniqueIdentifier>{01892be0-6f34-4b19-bef6-6e31a698dfb9}</UniqueIdentifier>
    </Filter>
    <Filter Include="96.ImGUI\Header">
      <UniqueIdentifier>{3b3e5ce2-5895-4add-80aa-3f7f55bfadb4}</UniqueIdentifier>
    </Filter>
    <Filter Include="03.UIObject">
      <UniqueIdentifier>{1dd8fa4b-698d-47f4-95a6-6c254b52eb26}</UniqueIdentifier>
    </Filter>
    <Filter Include="03.UIObject\UI_Scene">
      <UniqueIdentifier>{420a30ad-8a10-42b2-bcc7-ddad3d6fef83}</UniqueIdentifier>
    </Filter>
    <Filter Include="03.UIObject\UI_Scene\BossHP">
      <UniqueIdentifier>{4603ceec-da1e-46da-ac9f-c41aee4c629f}</UniqueIdentifier>
    </Filter>
    <Filter Include="03.UIObject\UI_ObjectPart">
      <UniqueIdentifier>{94bad924-fc7d-4174-a62d-38d531e84dd0}</UniqueIdentifier>
    </Filter>
    <Filter Include="03.UIObject\UI_ObjectPart\BossHP_HPBar">
      <UniqueIdentifier>{7979f5b2-ff0b-4769-9e5a-98641bfdb4ab}</UniqueIdentifier>
    </Filter>
    <Filter Include="03.UIObject\UI_ObjectPart\MouseCursor">
      <UniqueIdentifier>{34e148c5-0f1a-4e1b-841f-e65503520b74}</UniqueIdentifier>
    </Filter>
    <Filter Include="03.UIObject\UI_ObjectPart\2.PlayerLevelUP">
      <UniqueIdentifier>{ffdbf893-a009-4205-a622-e232d3214db3}</UniqueIdentifier>
    </Filter>
    <Filter Include="03.UIObject\UI_ObjectPart\3.PlayerAttributeObj">
      <UniqueIdentifier>{8cd393dc-dcd0-49f0-bba6-11f73664026e}</UniqueIdentifier>
    </Filter>
    <Filter Include="03.UIObject\UI_ObjectPart\3.PlayerAttributeObj\UI_Attribute_Slot_Active">
      <UniqueIdentifier>{68788411-7541-48fe-a2e7-9322bd2a7894}</UniqueIdentifier>
    </Filter>
    <Filter Include="03.UIObject\UI_ObjectPart\3.PlayerAttributeObj\UI_BaseTalentIndicator">
      <UniqueIdentifier>{ce37cf7e-6048-4820-9e4c-17017fce93dd}</UniqueIdentifier>
    </Filter>
    <Filter Include="03.UIObject\UI_ObjectPart\3.PlayerAttributeObj\UI_ContentBackground">
      <UniqueIdentifier>{716a05a2-39e6-47cb-afc7-0a834100a572}</UniqueIdentifier>
    </Filter>
    <Filter Include="03.UIObject\UI_ObjectPart\3.PlayerAttributeObj\UI_DescBackground">
      <UniqueIdentifier>{4d71f117-5e24-49b2-a760-86c5d10c4e41}</UniqueIdentifier>
    </Filter>
    <Filter Include="03.UIObject\UI_ObjectPart\3.PlayerAttributeObj\UI_Frame">
      <UniqueIdentifier>{9e7d3a31-e0b4-407f-9ec9-64633b09b62d}</UniqueIdentifier>
    </Filter>
    <Filter Include="03.UIObject\UI_ObjectPart\3.PlayerAttributeObj\UI_UnderLine">
      <UniqueIdentifier>{395b8a1d-8579-46e6-9646-8d8e8af63653}</UniqueIdentifier>
    </Filter>
    <Filter Include="03.UIObject\UI_ObjectPart\1.PlayerMenuObj">
      <UniqueIdentifier>{ee675ac3-6231-4562-afe4-c8525e9a9c13}</UniqueIdentifier>
    </Filter>
    <Filter Include="03.UIObject\UI_ObjectPart\1.PlayerMenuObj\UI_LeftBackground">
      <UniqueIdentifier>{0126ca11-a395-4bf1-b58d-caf198e80502}</UniqueIdentifier>
    </Filter>
    <Filter Include="03.UIObject\UI_ObjectPart\1.PlayerMenuObj\UI_RightBackground">
      <UniqueIdentifier>{fd653d02-fba8-42aa-aefb-b78fd4bcba05}</UniqueIdentifier>
    </Filter>
    <Filter Include="03.UIObject\UI_ObjectPart\1.PlayerMenuObj\UI_DiamondIcon">
      <UniqueIdentifier>{de75a85c-9b65-4eac-abd9-25bcb389e3a6}</UniqueIdentifier>
    </Filter>
    <Filter Include="03.UIObject\UI_ObjectPart\1.PlayerMenuObj\UI_KeyBox_Long">
      <UniqueIdentifier>{c1980e5f-fb80-4720-9dae-59f7df08260b}</UniqueIdentifier>
    </Filter>
    <Filter Include="03.UIObject\UI_ObjectPart\1.PlayerMenuObj\UI_LevelImage">
      <UniqueIdentifier>{f88454c9-a16e-4a78-ad20-a6cc35bf42bf}</UniqueIdentifier>
    </Filter>
    <Filter Include="03.UIObject\UI_ObjectPart\1.PlayerMenuObj\UI_LockedIcon">
      <UniqueIdentifier>{68437ca4-aec9-44a4-b9c7-8a4296f80ced}</UniqueIdentifier>
    </Filter>
    <Filter Include="03.UIObject\UI_ObjectPart\1.PlayerMenuObj\UI_NewHint">
      <UniqueIdentifier>{f6dde290-2316-4dc9-9375-8f38988ad8b4}</UniqueIdentifier>
    </Filter>
    <Filter Include="03.UIObject\UI_ObjectPart\1.PlayerMenuObj\UI_DecorationLine">
      <UniqueIdentifier>{e2f7ba05-393c-44ff-bf38-753567eaea97}</UniqueIdentifier>
    </Filter>
    <Filter Include="03.UIObject\UI_ObjectPart\2.PlayerLevelUP\UI_Arrow_Long">
      <UniqueIdentifier>{6a8065e6-d4ad-4895-a4da-67bb80b39773}</UniqueIdentifier>
    </Filter>
    <Filter Include="03.UIObject\UI_ObjectPart\2.PlayerLevelUP\UI_BlackBar">
      <UniqueIdentifier>{e5e38028-2bdc-488b-baf1-2b4fbc1806e9}</UniqueIdentifier>
    </Filter>
    <Filter Include="03.UIObject\UI_ObjectPart\2.PlayerLevelUP\UI_DecorationFrame">
      <UniqueIdentifier>{d493c554-36ee-415d-81a6-7ea34ea44cb0}</UniqueIdentifier>
    </Filter>
    <Filter Include="03.UIObject\UI_ObjectPart\2.PlayerLevelUP\UI_TitleBackgroundBar">
      <UniqueIdentifier>{dcbcaae5-4eae-44d2-a8db-134e2692e177}</UniqueIdentifier>
    </Filter>
    <Filter Include="03.UIObject\UI_ObjectPart\2.PlayerLevelUP\UI_Arrow_RightButto1">
      <UniqueIdentifier>{bffb99fc-fea8-4023-97b5-61da8ad4f12c}</UniqueIdentifier>
    </Filter>
    <Filter Include="03.UIObject\UI_ObjectPart\2.PlayerLevelUP\UI_Arrow_RightButto2">
      <UniqueIdentifier>{72c33dad-cc76-4cf3-9c73-5170a53a7bb7}</UniqueIdentifier>
    </Filter>
    <Filter Include="03.UIObject\UI_ObjectPart\2.PlayerLevelUP\UI_Arrow_RightButto3">
      <UniqueIdentifier>{5d3586b9-e5fe-470e-9a78-7c1bd16d53d3}</UniqueIdentifier>
    </Filter>
    <Filter Include="03.UIObject\UI_ObjectPart\4.Intro">
      <UniqueIdentifier>{bf46864b-d3e9-42bf-b2fa-26515b89762d}</UniqueIdentifier>
    </Filter>
    <Filter Include="03.UIObject\UI_ObjectPart\6.PlayerMainScreen">
      <UniqueIdentifier>{332fbbdf-9bd4-44ac-9185-57c18eb1ee40}</UniqueIdentifier>
    </Filter>
    <Filter Include="03.UIObject\UI_ObjectPart\6.PlayerMainScreen\UI_Feather_Icon">
      <UniqueIdentifier>{7967d358-d5b6-4b2e-aa5c-2c031c687a81}</UniqueIdentifier>
    </Filter>
    <Filter Include="03.UIObject\UI_ObjectPart\6.PlayerMainScreen\UI_HPBar1_Border">
      <UniqueIdentifier>{4da1d4e5-106f-4e02-b3c7-4df6a42e36de}</UniqueIdentifier>
    </Filter>
    <Filter Include="03.UIObject\UI_ObjectPart\6.PlayerMainScreen\UI_HPBar2_BG">
      <UniqueIdentifier>{2ea8cc6f-cd49-4cfa-b5bc-c41ffb8fa910}</UniqueIdentifier>
    </Filter>
    <Filter Include="03.UIObject\UI_ObjectPart\6.PlayerMainScreen\UI_HPBar3_MainBar">
      <UniqueIdentifier>{e19944fe-bcf8-45bf-8a6d-198ba1bc37d2}</UniqueIdentifier>
    </Filter>
    <Filter Include="03.UIObject\UI_ObjectPart\6.PlayerMainScreen\UI_MemoryShardsIcon">
      <UniqueIdentifier>{04cc817d-0b1b-4c7e-8178-f60c7d44ee39}</UniqueIdentifier>
    </Filter>
    <Filter Include="03.UIObject\UI_ObjectPart\6.PlayerMainScreen\UI_MPBar1_Border">
      <UniqueIdentifier>{cd51ffd3-a249-4fbd-8874-06e10a8506e9}</UniqueIdentifier>
    </Filter>
    <Filter Include="03.UIObject\UI_ObjectPart\6.PlayerMainScreen\UI_MPBar2_BG">
      <UniqueIdentifier>{dcb7a178-b8b9-4c7b-9d11-11d310e05690}</UniqueIdentifier>
    </Filter>
    <Filter Include="03.UIObject\UI_ObjectPart\6.PlayerMainScreen\UI_MPBar3_MainBar">
      <UniqueIdentifier>{44b7389f-2264-45ad-b0e2-6485f4ff5d7a}</UniqueIdentifier>
    </Filter>
    <Filter Include="03.UIObject\UI_ObjectPart\5.Inventory">
      <UniqueIdentifier>{c45e5e7d-5b69-414a-8845-f61188a40251}</UniqueIdentifier>
    </Filter>
    <Filter Include="03.UIObject\UI_ObjectPart\6.PlayerMainScreen\UI_Potion_DefaultType">
      <UniqueIdentifier>{775ff19e-39cb-4863-8b1f-0616275b8d00}</UniqueIdentifier>
    </Filter>
    <Filter Include="03.UIObject\UI_ObjectPart\6.PlayerMainScreen\UI_PlunderSlotFrame">
      <UniqueIdentifier>{4fecbb04-238d-4544-ac97-b6852e49455f}</UniqueIdentifier>
    </Filter>
    <Filter Include="03.UIObject\UI_ObjectPart\4.Intro\UI_GameLogoImage">
      <UniqueIdentifier>{90c085bb-82a3-4756-8c66-4bc74d5b2878}</UniqueIdentifier>
    </Filter>
    <Filter Include="03.UIObject\UI_ObjectPart\0.AllObj">
      <UniqueIdentifier>{81b22b20-b940-439d-8939-c86e3cfd6b57}</UniqueIdentifier>
    </Filter>
    <Filter Include="03.UIObject\UI_ObjectPart\0.AllObj\UI_Arrow">
      <UniqueIdentifier>{2e0a65e1-e326-4d67-b7f1-05b14a483b36}</UniqueIdentifier>
    </Filter>
    <Filter Include="03.UIObject\UI_ObjectPart\0.AllObj\UI_HightlightBar">
      <UniqueIdentifier>{9cbfbd3a-2024-4406-bd9b-3b6e51fb9f86}</UniqueIdentifier>
    </Filter>
    <Filter Include="03.UIObject\UI_ObjectPart\0.AllObj\UI_Indicator_Selected">
      <UniqueIdentifier>{90274c13-ae36-41ff-af33-77aaaf433755}</UniqueIdentifier>
    </Filter>
    <Filter Include="03.UIObject\UI_ObjectPart\0.AllObj\UI_SceneBackground">
      <UniqueIdentifier>{8ebfd48d-b1a2-4b74-840b-aae0ec08cccd}</UniqueIdentifier>
    </Filter>
    <Filter Include="03.UIObject\UI_ObjectPart\0.AllObj\UI_SceneAboveBackground">
      <UniqueIdentifier>{e0542145-5115-45ea-add3-1b016f390e74}</UniqueIdentifier>
    </Filter>
    <Filter Include="03.UIObject\UI_ObjectPart\0.AllObj\UI_SceneUnderBackground">
      <UniqueIdentifier>{d99d8392-4ded-4dc9-b585-71fa9a1ad33a}</UniqueIdentifier>
    </Filter>
    <Filter Include="03.UIObject\UI_ObjectPart\0.AllObj\UI_ButtonHighlight">
      <UniqueIdentifier>{8cc78ed1-3a7b-42ad-a0e2-194aacea89c8}</UniqueIdentifier>
    </Filter>
    <Filter Include="03.UIObject\UI_ObjectPart\0.AllObj\0.UI_TextBox">
      <UniqueIdentifier>{4e8ea25b-c624-49aa-bf78-7bc0efb2b244}</UniqueIdentifier>
    </Filter>
    <Filter Include="03.UIObject\UI_Scene\1.GameIntro">
      <UniqueIdentifier>{31c18809-a625-42f5-99fd-5af3da143de3}</UniqueIdentifier>
    </Filter>
    <Filter Include="03.UIObject\UI_Scene\2.PlayerMenu">
      <UniqueIdentifier>{bb1a3a43-4a5b-4ea2-8915-fe51783d7476}</UniqueIdentifier>
    </Filter>
    <Filter Include="03.UIObject\UI_Scene\3.PlayerLevelUP">
      <UniqueIdentifier>{75b60a10-c0ef-451d-9fdc-de9b0c75a65f}</UniqueIdentifier>
    </Filter>
    <Filter Include="03.UIObject\UI_Scene\4.PlayerTalent">
      <UniqueIdentifier>{b5a9b2fd-00ec-4195-a09f-59b42d12c8fe}</UniqueIdentifier>
    </Filter>
    <Filter Include="03.UIObject\UI_Scene\5.PlayerScreen">
      <UniqueIdentifier>{12517b14-dabc-46dc-897a-743ac60d5ea7}</UniqueIdentifier>
    </Filter>
    <Filter Include="03.UIObject\UI_ObjectPart\0.AllObj\UI_Effect_SlotFrame">
      <UniqueIdentifier>{65b50566-8772-4de0-b542-d4101caef4f0}</UniqueIdentifier>
    </Filter>
    <Filter Include="03.UIObject\UI_ObjectPart\0.AllObj\UI_Effect_Frame">
      <UniqueIdentifier>{c6d7b5b8-099f-4fac-92d7-4a2da117744c}</UniqueIdentifier>
    </Filter>
    <Filter Include="03.UIObject\UI_ObjectPart\0.AllObj\UI_SkillIcon">
      <UniqueIdentifier>{bdb6240e-a3d1-4839-8fdd-665549e47dfa}</UniqueIdentifier>
    </Filter>
    <Filter Include="03.UIObject\UI_ObjectPart\5.Inventory\UI_EmptyItemBox">
      <UniqueIdentifier>{64fd73b4-72ac-4a0c-8b88-fc14d3936844}</UniqueIdentifier>
    </Filter>
    <Filter Include="03.UIObject\UI_ObjectPart\5.Inventory\UI_SquareFrame_Hover">
      <UniqueIdentifier>{ebb61982-8aaf-4b96-8d07-b1c2f4d3c69a}</UniqueIdentifier>
    </Filter>
    <Filter Include="03.UIObject\UI_ObjectPart\5.Inventory\UI_ForgottenFeatherIcon">
      <UniqueIdentifier>{c74998df-4ad4-497c-94e7-93b3cdd0514a}</UniqueIdentifier>
    </Filter>
    <Filter Include="03.UIObject\UI_ObjectPart\5.Inventory\UI_SquareFrame">
      <UniqueIdentifier>{a347bfa6-038b-4552-98ff-8d20179e8174}</UniqueIdentifier>
    </Filter>
    <Filter Include="03.UIObject\UI_ObjectPart\5.Inventory\UI_ItemBackground">
      <UniqueIdentifier>{31926f87-070a-4261-861e-b5d6f5e676ae}</UniqueIdentifier>
    </Filter>
    <Filter Include="03.UIObject\UI_Scene\6.Inventory">
      <UniqueIdentifier>{31f96ab7-63d8-4546-a374-bce845843fd1}</UniqueIdentifier>
    </Filter>
    <Filter Include="01.Level\03.UITest">
      <UniqueIdentifier>{440513c4-e966-40a4-93bf-572c6039682a}</UniqueIdentifier>
    </Filter>
    <Filter Include="03.UIObject\UI_ObjectPart\5.Inventory\UI_Item_Icon">
      <UniqueIdentifier>{745fbe2e-b679-42c5-ba86-b7b2f6cd2bf5}</UniqueIdentifier>
    </Filter>
    <Filter Include="03.UIObject\UI_ObjectPart\5.Inventory\UI_DialogBackground">
      <UniqueIdentifier>{ec184eb3-a708-4c55-8784-2cf6b318b12c}</UniqueIdentifier>
    </Filter>
    <Filter Include="03.UIObject\UI_ObjectPart\5.Inventory\UI_MemoryCollectionIcon">
      <UniqueIdentifier>{3014591f-d11e-4ea9-a554-35633b7aa883}</UniqueIdentifier>
    </Filter>
    <Filter Include="03.UIObject\UI_ObjectPart\4.Intro\UI_LoadingScreen">
      <UniqueIdentifier>{954d5ee4-9ab3-4327-b215-a9e5eb4a27b1}</UniqueIdentifier>
    </Filter>
    <Filter Include="03.UIObject\UI_ObjectPart\4.Intro\UI_LoadingIcon">
      <UniqueIdentifier>{f6ad9f85-68e2-4679-88d1-dd0590f6076f}</UniqueIdentifier>
    </Filter>
    <Filter Include="03.UIObject\UI_ObjectPart\6.PlayerMainScreen\UI_LootNotifyBackground">
      <UniqueIdentifier>{5d761971-f989-40c0-a1da-ba629663924f}</UniqueIdentifier>
    </Filter>
    <Filter Include="03.UIObject\UI_ObjectPart\3.PlayerAttributeObj\UI_Talent_Icon">
      <UniqueIdentifier>{98b7d37c-dd14-4cd9-b1ad-37e90545aafc}</UniqueIdentifier>
    </Filter>
    <Filter Include="03.UIObject\UI_ObjectPart\6.PlayerMainScreen\UI_HPBar5_Track">
      <UniqueIdentifier>{7a7df3cf-a9f2-4073-adbe-f422ed6c542a}</UniqueIdentifier>
    </Filter>
    <Filter Include="03.UIObject\UI_ObjectPart\0.AllObj\UI_LandingScreen">
      <UniqueIdentifier>{42fba6f6-7dd4-4123-aba1-111e25f64c9e}</UniqueIdentifier>
    </Filter>
    <Filter Include="03.UIObject\UI_ObjectPart\0.AllObj\UI_MapEntryFrame">
      <UniqueIdentifier>{44adb41d-5a6c-4de4-b0b7-e3f2276a0413}</UniqueIdentifier>
    </Filter>
    <Filter Include="03.UIObject\UI_ObjectPart\0.AllObj\UI_Map_Save_Image">
      <UniqueIdentifier>{d010ce30-accc-4198-956c-d59ece0a7002}</UniqueIdentifier>
    </Filter>
    <Filter Include="03.UIObject\UI_ObjectPart\0.AllObj\UI_MediaFrame">
      <UniqueIdentifier>{f3dfcc49-b42b-4216-9e60-05e893ba5727}</UniqueIdentifier>
    </Filter>
    <Filter Include="03.UIObject\UI_ObjectPart\7.Skill">
      <UniqueIdentifier>{752817de-a8cf-4173-bc99-25904f320f07}</UniqueIdentifier>
    </Filter>
    <Filter Include="03.UIObject\UI_ObjectPart\7.Skill\UI_Skill_Slot">
      <UniqueIdentifier>{691355e8-143d-48ae-a4c5-aac24b18e1aa}</UniqueIdentifier>
    </Filter>
    <Filter Include="03.UIObject\UI_ObjectPart\Dialogue">
      <UniqueIdentifier>{477f51be-4f88-4357-b582-104e2e2f2868}</UniqueIdentifier>
    </Filter>
    <Filter Include="03.UIObject\UI_ObjectPart\Dialogue\UI_DialogueTalkBackground">
      <UniqueIdentifier>{126f1536-461e-4814-a49b-10dd312a8123}</UniqueIdentifier>
    </Filter>
    <Filter Include="03.UIObject\UI_ObjectPart\Dialogue\UI_DialogueWindowBackground">
      <UniqueIdentifier>{3ba35208-a133-4da3-a4b1-fafc3e2f93c5}</UniqueIdentifier>
    </Filter>
    <Filter Include="03.UIObject\UI_ObjectPart\Dialogue\UI_NextLineHint">
      <UniqueIdentifier>{f284aa2f-5d91-4d8f-a575-41d9eb2b398e}</UniqueIdentifier>
    </Filter>
    <Filter Include="03.UIObject\UI_ObjectPart\2.PlayerLevelUP\UI_ButtonBackground">
      <UniqueIdentifier>{ba34ff2f-53b4-4016-a48a-5c96ee199181}</UniqueIdentifier>
    </Filter>
    <Filter Include="03.UIObject\UI_ObjectPart\6.PlayerMainScreen\UI_PlunderSlotFrame\FixSlot">
      <UniqueIdentifier>{6bfe1dfc-8796-4400-8fdd-26d3014b5f65}</UniqueIdentifier>
    </Filter>
    <Filter Include="03.UIObject\UI_ObjectPart\6.PlayerMainScreen\UI_HPBar4_MainBar">
      <UniqueIdentifier>{de2c5ed5-3def-4bd6-9f87-2311f34d63ad}</UniqueIdentifier>
    </Filter>
    <Filter Include="03.UIObject\UI_ObjectPart\Poison">
      <UniqueIdentifier>{9a18decb-1afa-4cb9-a6b9-b37454413e40}</UniqueIdentifier>
    </Filter>
    <Filter Include="03.UIObject\UI_ObjectPart\Poison\UI_Bar_Poison">
      <UniqueIdentifier>{b2182fbf-3bd8-42d7-8a5d-34d410c72f8f}</UniqueIdentifier>
    </Filter>
    <Filter Include="03.UIObject\UI_ObjectPart\Poison\UI_Frame_Poison">
      <UniqueIdentifier>{589f8671-bb05-4892-8764-da6f6898f6ed}</UniqueIdentifier>
    </Filter>
    <Filter Include="03.UIObject\UI_ObjectPart\Poison\UI_Icon_Poison">
      <UniqueIdentifier>{165aa8ee-4914-48a6-aadb-15e879ec622a}</UniqueIdentifier>
    </Filter>
    <Filter Include="03.UIObject\UI_ObjectPart\Poison\UI_QuestBackground">
      <UniqueIdentifier>{5d128122-f2b3-497b-b9f7-c2bc2bae42cd}</UniqueIdentifier>
    </Filter>
    <Filter Include="03.UIObject\UI_ObjectPart\Poison\UI_Icon_Poison\UI_Bar_Noise">
      <UniqueIdentifier>{aa3cbee5-6de6-4af7-97f0-bcaae60ec33f}</UniqueIdentifier>
    </Filter>
    <Filter Include="03.UIObject\UI_ObjectPart\Poison\UI_Icon_Poison\UI_BarGlow_Poison">
      <UniqueIdentifier>{faeddeed-256f-4cc7-bbc0-9820dedd5b24}</UniqueIdentifier>
    </Filter>
  </ItemGroup>
  <ItemGroup>
    <ClInclude Include="Client.h">
      <Filter>98.Default</Filter>
    </ClInclude>
    <ClInclude Include="Resource.h">
      <Filter>98.Default</Filter>
    </ClInclude>
    <ClInclude Include="pch.h">
      <Filter>98.Default</Filter>
    </ClInclude>
    <ClInclude Include="targetver.h">
      <Filter>98.Default</Filter>
    </ClInclude>
    <ClInclude Include="..\public\MainApp.h">
      <Filter>00.MainApp</Filter>
    </ClInclude>
    <ClInclude Include="..\Public\Client_Defines.h">
      <Filter>99.Defines</Filter>
    </ClInclude>
    <ClInclude Include="..\Public\Level_Logo.h">
      <Filter>01.Level\01.Logo</Filter>
    </ClInclude>
    <ClInclude Include="..\Public\Level_GamePlay.h">
      <Filter>01.Level\02.GamePlay</Filter>
    </ClInclude>
    <ClInclude Include="..\Public\Level_Loading.h">
      <Filter>01.Level\99.Loading</Filter>
    </ClInclude>
    <ClInclude Include="..\public\Loader.h">
      <Filter>01.Level\99.Loading\Loader</Filter>
    </ClInclude>
    <ClInclude Include="..\Public\BackGround.h">
      <Filter>02.GameObject\BackGround</Filter>
    </ClInclude>
    <ClInclude Include="..\public\Camera_Free.h">
      <Filter>02.GameObject\Camera\Camera_Free</Filter>
    </ClInclude>
    <ClInclude Include="..\public\Player.h">
      <Filter>02.GameObject\Player</Filter>
    </ClInclude>
    <ClInclude Include="..\public\Body_Player.h">
      <Filter>02.GameObject\Player\Body</Filter>
    </ClInclude>
    <ClInclude Include="..\public\Weapon.h">
      <Filter>02.GameObject\Player\Weapon</Filter>
    </ClInclude>
    <ClInclude Include="..\public\Sky.h">
      <Filter>02.GameObject\Sky</Filter>
    </ClInclude>
    <ClInclude Include="..\public\Terrain.h">
      <Filter>02.GameObject\Terrain</Filter>
    </ClInclude>
    <ClInclude Include="..\Public\Ladder.h">
      <Filter>02.GameObject\0.Ladder</Filter>
    </ClInclude>
    <ClInclude Include="..\Public\LobTrap.h">
      <Filter>02.GameObject\LobTrap</Filter>
    </ClInclude>
    <ClInclude Include="..\Public\Boss_Magician.h">
      <Filter>02.GameObject\Boss</Filter>
    </ClInclude>
    <ClInclude Include="..\Public\Boss_Varg.h">
      <Filter>02.GameObject\Boss</Filter>
    </ClInclude>
    <ClInclude Include="..\Public\UIGroup_PlayerLevelUP.h">
      <Filter>03.UIObject\UI_Scene\3.PlayerLevelUP</Filter>
    </ClInclude>
    <ClInclude Include="..\Public\UIGroup_PlayerMenu.h">
      <Filter>03.UIObject\UI_Scene\2.PlayerMenu</Filter>
    </ClInclude>
    <ClInclude Include="..\Public\UI_LeftBackground.h">
      <Filter>03.UIObject\UI_ObjectPart\1.PlayerMenuObj\UI_LeftBackground</Filter>
    </ClInclude>
    <ClInclude Include="..\ImGui\imconfig.h">
      <Filter>96.ImGUI\Header</Filter>
    </ClInclude>
    <ClInclude Include="..\ImGui\imgui.h">
      <Filter>96.ImGUI\Header</Filter>
    </ClInclude>
    <ClInclude Include="..\ImGui\imgui_impl_dx11.h">
      <Filter>96.ImGUI\Header</Filter>
    </ClInclude>
    <ClInclude Include="..\ImGui\imgui_impl_win32.h">
      <Filter>96.ImGUI\Header</Filter>
    </ClInclude>
    <ClInclude Include="..\ImGui\imgui_internal.h">
      <Filter>96.ImGUI\Header</Filter>
    </ClInclude>
    <ClInclude Include="..\ImGui\imstb_rectpack.h">
      <Filter>96.ImGUI\Header</Filter>
    </ClInclude>
    <ClInclude Include="..\ImGui\imstb_textedit.h">
      <Filter>96.ImGUI\Header</Filter>
    </ClInclude>
    <ClInclude Include="..\ImGui\imstb_truetype.h">
      <Filter>96.ImGUI\Header</Filter>
    </ClInclude>
    <ClInclude Include="..\Public\UI_MouseCursor.h">
      <Filter>03.UIObject\UI_ObjectPart\MouseCursor</Filter>
    </ClInclude>
    <ClInclude Include="..\Public\UI_RightBackground.h">
      <Filter>03.UIObject\UI_ObjectPart\1.PlayerMenuObj\UI_RightBackground</Filter>
    </ClInclude>
    <ClInclude Include="..\Public\UI_DiamondIcon.h">
      <Filter>03.UIObject\UI_ObjectPart\1.PlayerMenuObj\UI_DiamondIcon</Filter>
    </ClInclude>
    <ClInclude Include="..\Public\UI_HightlightBar.h">
      <Filter>03.UIObject\UI_ObjectPart\0.AllObj\UI_HightlightBar</Filter>
    </ClInclude>
    <ClInclude Include="..\Public\UI_Indicator_Selected.h">
      <Filter>03.UIObject\UI_ObjectPart\0.AllObj\UI_Indicator_Selected</Filter>
    </ClInclude>
    <ClInclude Include="..\Public\UI_KeyBox_Long.h">
      <Filter>03.UIObject\UI_ObjectPart\1.PlayerMenuObj\UI_KeyBox_Long</Filter>
    </ClInclude>
    <ClInclude Include="..\Public\UI_LevelImage.h">
      <Filter>03.UIObject\UI_ObjectPart\1.PlayerMenuObj\UI_LevelImage</Filter>
    </ClInclude>
    <ClInclude Include="..\Public\UI_LockedIcon.h">
      <Filter>03.UIObject\UI_ObjectPart\1.PlayerMenuObj\UI_LockedIcon</Filter>
    </ClInclude>
    <ClInclude Include="..\Public\UI_NewHint.h">
      <Filter>03.UIObject\UI_ObjectPart\1.PlayerMenuObj\UI_NewHint</Filter>
    </ClInclude>
    <ClInclude Include="..\Public\UI_ButtonHighlight.h">
      <Filter>03.UIObject\UI_ObjectPart\0.AllObj\UI_ButtonHighlight</Filter>
    </ClInclude>
    <ClInclude Include="..\Public\UI_DecorationLine.h">
      <Filter>03.UIObject\UI_ObjectPart\1.PlayerMenuObj\UI_DecorationLine</Filter>
    </ClInclude>
    <ClInclude Include="..\Public\UI_Arrow.h">
      <Filter>03.UIObject\UI_ObjectPart\0.AllObj\UI_Arrow</Filter>
    </ClInclude>
    <ClInclude Include="..\Public\UI_Attribute_Slot_Active.h">
      <Filter>03.UIObject\UI_ObjectPart\3.PlayerAttributeObj\UI_Attribute_Slot_Active</Filter>
    </ClInclude>
    <ClInclude Include="..\Public\UI_BaseTalentIndicator.h">
      <Filter>03.UIObject\UI_ObjectPart\3.PlayerAttributeObj\UI_BaseTalentIndicator</Filter>
    </ClInclude>
    <ClInclude Include="..\Public\UI_ContentBackground.h">
      <Filter>03.UIObject\UI_ObjectPart\3.PlayerAttributeObj\UI_ContentBackground</Filter>
    </ClInclude>
    <ClInclude Include="..\Public\UI_DescBackground.h">
      <Filter>03.UIObject\UI_ObjectPart\3.PlayerAttributeObj\UI_DescBackground</Filter>
    </ClInclude>
    <ClInclude Include="..\Public\UI_Frame.h">
      <Filter>03.UIObject\UI_ObjectPart\3.PlayerAttributeObj\UI_Frame</Filter>
    </ClInclude>
    <ClInclude Include="..\Public\UI_SceneAboveBackground.h">
      <Filter>03.UIObject\UI_ObjectPart\0.AllObj\UI_SceneAboveBackground</Filter>
    </ClInclude>
    <ClInclude Include="..\Public\UI_SceneBackground.h">
      <Filter>03.UIObject\UI_ObjectPart\0.AllObj\UI_SceneBackground</Filter>
    </ClInclude>
    <ClInclude Include="..\Public\UI_SceneUnderBackground.h">
      <Filter>03.UIObject\UI_ObjectPart\0.AllObj\UI_SceneUnderBackground</Filter>
    </ClInclude>
    <ClInclude Include="..\Public\UI_UnderLine.h">
      <Filter>03.UIObject\UI_ObjectPart\3.PlayerAttributeObj\UI_UnderLine</Filter>
    </ClInclude>
    <ClInclude Include="..\Public\UI_Arrow_Long.h">
      <Filter>03.UIObject\UI_ObjectPart\2.PlayerLevelUP\UI_Arrow_Long</Filter>
    </ClInclude>
    <ClInclude Include="..\Public\UI_BlackBar.h">
      <Filter>03.UIObject\UI_ObjectPart\2.PlayerLevelUP\UI_BlackBar</Filter>
    </ClInclude>
    <ClInclude Include="..\Public\UI_DecorationFrame.h">
      <Filter>03.UIObject\UI_ObjectPart\2.PlayerLevelUP\UI_DecorationFrame</Filter>
    </ClInclude>
    <ClInclude Include="..\Public\UI_ButtonBackground.h">
      <Filter>03.UIObject\UI_ObjectPart\2.PlayerLevelUP\UI_ButtonBackground</Filter>
    </ClInclude>
    <ClInclude Include="..\Public\UI_TitleBackgroundBar.h">
      <Filter>03.UIObject\UI_ObjectPart\2.PlayerLevelUP\UI_TitleBackgroundBar</Filter>
    </ClInclude>
    <ClInclude Include="..\Public\UIGroup_PlayerTalent.h">
      <Filter>03.UIObject\UI_Scene\4.PlayerTalent</Filter>
    </ClInclude>
    <ClInclude Include="..\Public\UI_Feather_Icon.h">
      <Filter>03.UIObject\UI_ObjectPart\6.PlayerMainScreen\UI_Feather_Icon</Filter>
    </ClInclude>
    <ClInclude Include="..\Public\UI_HPBar1_Border.h">
      <Filter>03.UIObject\UI_ObjectPart\6.PlayerMainScreen\UI_HPBar1_Border</Filter>
    </ClInclude>
    <ClInclude Include="..\Public\UI_HPBar2_BG.h">
      <Filter>03.UIObject\UI_ObjectPart\6.PlayerMainScreen\UI_HPBar2_BG</Filter>
    </ClInclude>
    <ClInclude Include="..\Public\UI_HPBar3_MainBar.h">
      <Filter>03.UIObject\UI_ObjectPart\6.PlayerMainScreen\UI_HPBar3_MainBar</Filter>
    </ClInclude>
    <ClInclude Include="..\Public\UI_MemoryShardsIcon.h">
      <Filter>03.UIObject\UI_ObjectPart\6.PlayerMainScreen\UI_MemoryShardsIcon</Filter>
    </ClInclude>
    <ClInclude Include="..\Public\UI_MPBar1_Border.h">
      <Filter>03.UIObject\UI_ObjectPart\6.PlayerMainScreen\UI_MPBar1_Border</Filter>
    </ClInclude>
    <ClInclude Include="..\Public\UI_MPBar2_BG.h">
      <Filter>03.UIObject\UI_ObjectPart\6.PlayerMainScreen\UI_MPBar2_BG</Filter>
    </ClInclude>
    <ClInclude Include="..\Public\UI_MPBar3_MainBar.h">
      <Filter>03.UIObject\UI_ObjectPart\6.PlayerMainScreen\UI_MPBar3_MainBar</Filter>
    </ClInclude>
    <ClInclude Include="..\Public\UI_PlunderSlotFrame.h">
      <Filter>03.UIObject\UI_ObjectPart\6.PlayerMainScreen\UI_PlunderSlotFrame</Filter>
    </ClInclude>
    <ClInclude Include="..\Public\UI_Potion_DefaultType.h">
      <Filter>03.UIObject\UI_ObjectPart\6.PlayerMainScreen\UI_Potion_DefaultType</Filter>
    </ClInclude>
    <ClInclude Include="..\Public\UI_GameLogoImage.h">
      <Filter>03.UIObject\UI_ObjectPart\4.Intro\UI_GameLogoImage</Filter>
    </ClInclude>
    <ClInclude Include="..\Public\UIGroup_GameIntro.h">
      <Filter>03.UIObject\UI_Scene\1.GameIntro</Filter>
    </ClInclude>
    <ClInclude Include="..\Public\UI_TextBox.h">
      <Filter>03.UIObject\UI_ObjectPart\0.AllObj\0.UI_TextBox</Filter>
    </ClInclude>
    <ClInclude Include="..\Public\UIGroup_PlayerScreen.h">
      <Filter>03.UIObject\UI_Scene\5.PlayerScreen</Filter>
    </ClInclude>
    <ClInclude Include="..\Public\UI_Effect_Frame.h">
      <Filter>03.UIObject\UI_ObjectPart\0.AllObj\UI_Effect_Frame</Filter>
    </ClInclude>
    <ClInclude Include="..\Public\UI_Effect_SlotFrame.h">
      <Filter>03.UIObject\UI_ObjectPart\0.AllObj\UI_Effect_SlotFrame</Filter>
    </ClInclude>
    <ClInclude Include="..\Public\UI_SkillIcon.h">
      <Filter>03.UIObject\UI_ObjectPart\0.AllObj\UI_SkillIcon</Filter>
    </ClInclude>
    <ClInclude Include="..\Public\UI_EmptyItemBox.h">
      <Filter>03.UIObject\UI_ObjectPart\5.Inventory\UI_EmptyItemBox</Filter>
    </ClInclude>
    <ClInclude Include="..\Public\UI_SquareFrame_Hover.h">
      <Filter>03.UIObject\UI_ObjectPart\5.Inventory\UI_SquareFrame_Hover</Filter>
    </ClInclude>
    <ClInclude Include="..\Public\UI_SquareFrame.h">
      <Filter>03.UIObject\UI_ObjectPart\5.Inventory\UI_SquareFrame</Filter>
    </ClInclude>
    <ClInclude Include="..\Public\UI_MemoryCollectionIcon.h">
      <Filter>03.UIObject\UI_ObjectPart\5.Inventory\UI_MemoryCollectionIcon</Filter>
    </ClInclude>
    <ClInclude Include="..\Public\UI_ForgottenFeatherIcon.h">
      <Filter>03.UIObject\UI_ObjectPart\5.Inventory\UI_ForgottenFeatherIcon</Filter>
    </ClInclude>
    <ClInclude Include="..\Public\UI_ItemBackground.h">
      <Filter>03.UIObject\UI_ObjectPart\5.Inventory\UI_ItemBackground</Filter>
    </ClInclude>
    <ClInclude Include="..\Public\UI_Item_Icon.h">
      <Filter>03.UIObject\UI_ObjectPart\5.Inventory\UI_Item_Icon</Filter>
    </ClInclude>
    <ClInclude Include="..\Public\UIGroup_Iventory.h">
      <Filter>03.UIObject\UI_Scene\6.Inventory</Filter>
    </ClInclude>
    <ClInclude Include="..\Public\Level_UITest.h">
      <Filter>01.Level\03.UITest</Filter>
    </ClInclude>
    <ClInclude Include="..\Public\UI_DialogBackground.h">
      <Filter>03.UIObject\UI_ObjectPart\5.Inventory\UI_DialogBackground</Filter>
    </ClInclude>
    <ClInclude Include="..\Public\UI_LoadingScreen.h">
      <Filter>03.UIObject\UI_ObjectPart\4.Intro\UI_LoadingScreen</Filter>
    </ClInclude>
    <ClInclude Include="..\Public\UI_LoadingIcon.h">
      <Filter>03.UIObject\UI_ObjectPart\4.Intro\UI_LoadingIcon</Filter>
    </ClInclude>
    <ClInclude Include="..\Public\UI_LootNotifyBackground.h">
      <Filter>03.UIObject\UI_ObjectPart\6.PlayerMainScreen\UI_LootNotifyBackground</Filter>
    </ClInclude>
    <ClInclude Include="..\Public\UI_Talent_Icon.h">
      <Filter>03.UIObject\UI_ObjectPart\3.PlayerAttributeObj\UI_Talent_Icon</Filter>
    </ClInclude>
    <ClInclude Include="..\Public\UI_HPBar5_Track.h">
      <Filter>03.UIObject\UI_ObjectPart\6.PlayerMainScreen\UI_HPBar5_Track</Filter>
    </ClInclude>
    <ClInclude Include="..\Public\UI_LandingScreen.h">
      <Filter>03.UIObject\UI_ObjectPart\0.AllObj\UI_LandingScreen</Filter>
    </ClInclude>
    <ClInclude Include="..\Public\UI_MapEntryFrame.h">
      <Filter>03.UIObject\UI_ObjectPart\0.AllObj\UI_MapEntryFrame</Filter>
    </ClInclude>
    <ClInclude Include="..\Public\UI_Map_Save_Image.h">
      <Filter>03.UIObject\UI_ObjectPart\0.AllObj\UI_Map_Save_Image</Filter>
    </ClInclude>
    <ClInclude Include="..\Public\UI_MediaFrame.h">
      <Filter>03.UIObject\UI_ObjectPart\0.AllObj\UI_MediaFrame</Filter>
    </ClInclude>
    <ClInclude Include="..\Public\UI_Skill_Slot.h">
      <Filter>03.UIObject\UI_ObjectPart\7.Skill\UI_Skill_Slot</Filter>
    </ClInclude>
    <ClInclude Include="..\Public\UI_DialogueTalkBackground.h">
      <Filter>03.UIObject\UI_ObjectPart\Dialogue\UI_DialogueTalkBackground</Filter>
    </ClInclude>
    <ClInclude Include="..\Public\UI_DialogueWindowBackground.h">
      <Filter>03.UIObject\UI_ObjectPart\Dialogue\UI_DialogueWindowBackground</Filter>
    </ClInclude>
    <ClInclude Include="..\Public\UI_NextLineHint.h">
      <Filter>03.UIObject\UI_ObjectPart\Dialogue\UI_NextLineHint</Filter>
    </ClInclude>
    <ClInclude Include="..\Public\UI_FixSlotFrame.h">
      <Filter>03.UIObject\UI_ObjectPart\6.PlayerMainScreen\UI_PlunderSlotFrame\FixSlot</Filter>
    </ClInclude>
    <ClInclude Include="..\Public\UI_Bar_Poison.h">
      <Filter>03.UIObject\UI_ObjectPart\Poison\UI_Bar_Poison</Filter>
    </ClInclude>
    <ClInclude Include="..\Public\UI_Frame_Poison.h">
      <Filter>03.UIObject\UI_ObjectPart\Poison\UI_Frame_Poison</Filter>
    </ClInclude>
    <ClInclude Include="..\Public\UI_QuestBackground.h">
      <Filter>03.UIObject\UI_ObjectPart\Poison\UI_QuestBackground</Filter>
    </ClInclude>
  </ItemGroup>
  <ItemGroup>
    <ClCompile Include="Client.cpp">
      <Filter>98.Default</Filter>
    </ClCompile>
    <ClCompile Include="pch.cpp">
      <Filter>98.Default</Filter>
    </ClCompile>
    <ClCompile Include="..\private\MainApp.cpp">
      <Filter>00.MainApp</Filter>
    </ClCompile>
    <ClCompile Include="..\Private\Level_Logo.cpp">
      <Filter>01.Level\01.Logo</Filter>
    </ClCompile>
    <ClCompile Include="..\Private\Level_GamePlay.cpp">
      <Filter>01.Level\02.GamePlay</Filter>
    </ClCompile>
    <ClCompile Include="..\Private\Level_Loading.cpp">
      <Filter>01.Level\99.Loading</Filter>
    </ClCompile>
    <ClCompile Include="..\private\Loader.cpp">
      <Filter>01.Level\99.Loading\Loader</Filter>
    </ClCompile>
    <ClCompile Include="..\Private\BackGround.cpp">
      <Filter>02.GameObject\BackGround</Filter>
    </ClCompile>
    <ClCompile Include="..\private\Camera_Free.cpp">
      <Filter>02.GameObject\Camera\Camera_Free</Filter>
    </ClCompile>
    <ClCompile Include="..\private\Player.cpp">
      <Filter>02.GameObject\Player</Filter>
    </ClCompile>
    <ClCompile Include="..\private\Body_Player.cpp">
      <Filter>02.GameObject\Player\Body</Filter>
    </ClCompile>
    <ClCompile Include="..\private\Weapon.cpp">
      <Filter>02.GameObject\Player\Weapon</Filter>
    </ClCompile>
    <ClCompile Include="..\private\Sky.cpp">
      <Filter>02.GameObject\Sky</Filter>
    </ClCompile>
    <ClCompile Include="..\private\Terrain.cpp">
      <Filter>02.GameObject\Terrain</Filter>
    </ClCompile>
    <ClCompile Include="..\Private\Ladder.cpp">
      <Filter>02.GameObject\0.Ladder</Filter>
    </ClCompile>
    <ClCompile Include="..\Private\LobTrap.cpp">
      <Filter>02.GameObject\LobTrap</Filter>
    </ClCompile>
    <ClCompile Include="..\Private\Boss_Magician.cpp">
      <Filter>02.GameObject\Boss</Filter>
    </ClCompile>
    <ClCompile Include="..\Private\Boss_Varg.cpp">
      <Filter>02.GameObject\Boss</Filter>
    </ClCompile>
    <ClCompile Include="..\Private\UIGroup_PlayerLevelUP.cpp">
      <Filter>03.UIObject\UI_Scene\3.PlayerLevelUP</Filter>
    </ClCompile>
    <ClCompile Include="..\Private\UIGroup_PlayerMenu.cpp">
      <Filter>03.UIObject\UI_Scene\2.PlayerMenu</Filter>
    </ClCompile>
    <ClCompile Include="..\Private\UI_LeftBackground.cpp">
      <Filter>03.UIObject\UI_ObjectPart\1.PlayerMenuObj\UI_LeftBackground</Filter>
    </ClCompile>
    <ClCompile Include="..\ImGui\imgui_impl_win32.cpp">
      <Filter>96.ImGUI\Code</Filter>
    </ClCompile>
    <ClCompile Include="..\ImGui\imgui_tables.cpp">
      <Filter>96.ImGUI\Code</Filter>
    </ClCompile>
    <ClCompile Include="..\ImGui\imgui_widgets.cpp">
      <Filter>96.ImGUI\Code</Filter>
    </ClCompile>
    <ClCompile Include="..\ImGui\imgui.cpp">
      <Filter>96.ImGUI\Code</Filter>
    </ClCompile>
    <ClCompile Include="..\ImGui\imgui_demo.cpp">
      <Filter>96.ImGUI\Code</Filter>
    </ClCompile>
    <ClCompile Include="..\ImGui\imgui_draw.cpp">
      <Filter>96.ImGUI\Code</Filter>
    </ClCompile>
    <ClCompile Include="..\ImGui\imgui_impl_dx11.cpp">
      <Filter>96.ImGUI\Code</Filter>
    </ClCompile>
    <ClCompile Include="..\Private\UI_MouseCursor.cpp">
      <Filter>03.UIObject\UI_ObjectPart\MouseCursor</Filter>
    </ClCompile>
    <ClCompile Include="..\Private\UI_RightBackground.cpp">
      <Filter>03.UIObject\UI_ObjectPart\1.PlayerMenuObj\UI_RightBackground</Filter>
    </ClCompile>
    <ClCompile Include="..\Private\UI_DiamondIcon.cpp">
      <Filter>03.UIObject\UI_ObjectPart\1.PlayerMenuObj\UI_DiamondIcon</Filter>
    </ClCompile>
    <ClCompile Include="..\Private\UI_Indicator_Selected.cpp">
      <Filter>03.UIObject\UI_ObjectPart\0.AllObj\UI_Indicator_Selected</Filter>
    </ClCompile>
    <ClCompile Include="..\Private\UI_KeyBox_Long.cpp">
      <Filter>03.UIObject\UI_ObjectPart\1.PlayerMenuObj\UI_KeyBox_Long</Filter>
    </ClCompile>
    <ClCompile Include="..\Private\UI_LevelImage.cpp">
      <Filter>03.UIObject\UI_ObjectPart\1.PlayerMenuObj\UI_LevelImage</Filter>
    </ClCompile>
    <ClCompile Include="..\Private\UI_LockedIcon.cpp">
      <Filter>03.UIObject\UI_ObjectPart\1.PlayerMenuObj\UI_LockedIcon</Filter>
    </ClCompile>
    <ClCompile Include="..\Private\UI_NewHint.cpp">
      <Filter>03.UIObject\UI_ObjectPart\1.PlayerMenuObj\UI_NewHint</Filter>
    </ClCompile>
    <ClCompile Include="..\Private\UI_ButtonHighlight.cpp">
      <Filter>03.UIObject\UI_ObjectPart\0.AllObj\UI_ButtonHighlight</Filter>
    </ClCompile>
    <ClCompile Include="..\Private\UI_HightlightBar.cpp">
      <Filter>03.UIObject\UI_ObjectPart\0.AllObj\UI_HightlightBar</Filter>
    </ClCompile>
    <ClCompile Include="..\Private\UI_DecorationLine.cpp">
      <Filter>03.UIObject\UI_ObjectPart\1.PlayerMenuObj\UI_DecorationLine</Filter>
    </ClCompile>
    <ClCompile Include="..\Private\UI_Arrow.cpp">
      <Filter>03.UIObject\UI_ObjectPart\0.AllObj\UI_Arrow</Filter>
    </ClCompile>
    <ClCompile Include="..\Private\UI_Attribute_Slot_Active.cpp">
      <Filter>03.UIObject\UI_ObjectPart\3.PlayerAttributeObj\UI_Attribute_Slot_Active</Filter>
    </ClCompile>
    <ClCompile Include="..\Private\UI_BaseTalentIndicator.cpp">
      <Filter>03.UIObject\UI_ObjectPart\3.PlayerAttributeObj\UI_BaseTalentIndicator</Filter>
    </ClCompile>
    <ClCompile Include="..\Private\UI_ContentBackground.cpp">
      <Filter>03.UIObject\UI_ObjectPart\3.PlayerAttributeObj\UI_ContentBackground</Filter>
    </ClCompile>
    <ClCompile Include="..\Private\UI_DescBackground.cpp">
      <Filter>03.UIObject\UI_ObjectPart\3.PlayerAttributeObj\UI_DescBackground</Filter>
    </ClCompile>
    <ClCompile Include="..\Private\UI_Frame.cpp">
      <Filter>03.UIObject\UI_ObjectPart\3.PlayerAttributeObj\UI_Frame</Filter>
    </ClCompile>
    <ClCompile Include="..\Private\UI_SceneAboveBackground.cpp">
      <Filter>03.UIObject\UI_ObjectPart\0.AllObj\UI_SceneAboveBackground</Filter>
    </ClCompile>
    <ClCompile Include="..\Private\UI_SceneBackground.cpp">
      <Filter>03.UIObject\UI_ObjectPart\0.AllObj\UI_SceneBackground</Filter>
    </ClCompile>
    <ClCompile Include="..\Private\UI_SceneUnderBackground.cpp">
      <Filter>03.UIObject\UI_ObjectPart\0.AllObj\UI_SceneUnderBackground</Filter>
    </ClCompile>
    <ClCompile Include="..\Private\UI_UnderLine.cpp">
      <Filter>03.UIObject\UI_ObjectPart\3.PlayerAttributeObj\UI_UnderLine</Filter>
    </ClCompile>
    <ClCompile Include="..\Private\UI_Arrow_Long.cpp">
      <Filter>03.UIObject\UI_ObjectPart\2.PlayerLevelUP\UI_Arrow_Long</Filter>
    </ClCompile>
    <ClCompile Include="..\Private\UI_BlackBar.cpp">
      <Filter>03.UIObject\UI_ObjectPart\2.PlayerLevelUP\UI_BlackBar</Filter>
    </ClCompile>
    <ClCompile Include="..\Private\UI_DecorationFrame.cpp">
      <Filter>03.UIObject\UI_ObjectPart\2.PlayerLevelUP\UI_DecorationFrame</Filter>
    </ClCompile>
    <ClCompile Include="..\Private\UI_ButtonBackground.cpp">
      <Filter>03.UIObject\UI_ObjectPart\2.PlayerLevelUP\UI_ButtonBackground</Filter>
    </ClCompile>
    <ClCompile Include="..\Private\UI_TitleBackgroundBar.cpp">
      <Filter>03.UIObject\UI_ObjectPart\2.PlayerLevelUP\UI_TitleBackgroundBar</Filter>
    </ClCompile>
    <ClCompile Include="..\Private\UIGroup_PlayerTalent.cpp">
      <Filter>03.UIObject\UI_Scene\4.PlayerTalent</Filter>
    </ClCompile>
    <ClCompile Include="..\Private\UI_Feather_Icon.cpp">
      <Filter>03.UIObject\UI_ObjectPart\6.PlayerMainScreen\UI_Feather_Icon</Filter>
    </ClCompile>
    <ClCompile Include="..\Private\UI_HPBar1_Border.cpp">
      <Filter>03.UIObject\UI_ObjectPart\6.PlayerMainScreen\UI_HPBar1_Border</Filter>
    </ClCompile>
    <ClCompile Include="..\Private\UI_HPBar2_BG.cpp">
      <Filter>03.UIObject\UI_ObjectPart\6.PlayerMainScreen\UI_HPBar2_BG</Filter>
    </ClCompile>
    <ClCompile Include="..\Private\UI_HPBar3_MainBar.cpp">
      <Filter>03.UIObject\UI_ObjectPart\6.PlayerMainScreen\UI_HPBar3_MainBar</Filter>
    </ClCompile>
    <ClCompile Include="..\Private\UI_MemoryShardsIcon.cpp">
      <Filter>03.UIObject\UI_ObjectPart\6.PlayerMainScreen\UI_MemoryShardsIcon</Filter>
    </ClCompile>
    <ClCompile Include="..\Private\UI_MPBar1_Border.cpp">
      <Filter>03.UIObject\UI_ObjectPart\6.PlayerMainScreen\UI_MPBar1_Border</Filter>
    </ClCompile>
    <ClCompile Include="..\Private\UI_MPBar2_BG.cpp">
      <Filter>03.UIObject\UI_ObjectPart\6.PlayerMainScreen\UI_MPBar2_BG</Filter>
    </ClCompile>
    <ClCompile Include="..\Private\UI_MPBar3_MainBar.cpp">
      <Filter>03.UIObject\UI_ObjectPart\6.PlayerMainScreen\UI_MPBar3_MainBar</Filter>
    </ClCompile>
    <ClCompile Include="..\Private\UI_PlunderSlotFrame.cpp">
      <Filter>03.UIObject\UI_ObjectPart\6.PlayerMainScreen\UI_PlunderSlotFrame</Filter>
    </ClCompile>
    <ClCompile Include="..\Private\UI_Potion_DefaultType.cpp">
      <Filter>03.UIObject\UI_ObjectPart\6.PlayerMainScreen\UI_Potion_DefaultType</Filter>
    </ClCompile>
    <ClCompile Include="..\Private\UI_GameLogoImage.cpp">
      <Filter>03.UIObject\UI_ObjectPart\4.Intro\UI_GameLogoImage</Filter>
    </ClCompile>
    <ClCompile Include="..\Private\UIGroup_GameIntro.cpp">
      <Filter>03.UIObject\UI_Scene\1.GameIntro</Filter>
    </ClCompile>
    <ClCompile Include="..\Private\UI_TextBox.cpp">
      <Filter>03.UIObject\UI_ObjectPart\0.AllObj\0.UI_TextBox</Filter>
    </ClCompile>
    <ClCompile Include="..\Private\UIGroup_PlayerScreen.cpp">
      <Filter>03.UIObject\UI_Scene\5.PlayerScreen</Filter>
    </ClCompile>
    <ClCompile Include="..\Private\UI_Effect_Frame.cpp">
      <Filter>03.UIObject\UI_ObjectPart\0.AllObj\UI_Effect_Frame</Filter>
    </ClCompile>
    <ClCompile Include="..\Private\UI_Effect_SlotFrame.cpp">
      <Filter>03.UIObject\UI_ObjectPart\0.AllObj\UI_Effect_SlotFrame</Filter>
    </ClCompile>
    <ClCompile Include="..\private\UI_SkillIcon.cpp">
      <Filter>03.UIObject\UI_ObjectPart\0.AllObj\UI_SkillIcon</Filter>
    </ClCompile>
    <ClCompile Include="..\Private\UI_EmptyItemBox.cpp">
      <Filter>03.UIObject\UI_ObjectPart\5.Inventory\UI_EmptyItemBox</Filter>
    </ClCompile>
    <ClCompile Include="..\Private\UI_SquareFrame_Hover.cpp">
      <Filter>03.UIObject\UI_ObjectPart\5.Inventory\UI_SquareFrame_Hover</Filter>
    </ClCompile>
    <ClCompile Include="..\Private\UI_SquareFrame.cpp">
      <Filter>03.UIObject\UI_ObjectPart\5.Inventory\UI_SquareFrame</Filter>
    </ClCompile>
    <ClCompile Include="..\Private\UI_MemoryCollectionIcon.cpp">
      <Filter>03.UIObject\UI_ObjectPart\5.Inventory\UI_MemoryCollectionIcon</Filter>
    </ClCompile>
    <ClCompile Include="..\Private\UI_ItemBackground.cpp">
      <Filter>03.UIObject\UI_ObjectPart\5.Inventory\UI_ItemBackground</Filter>
    </ClCompile>
    <ClCompile Include="..\Private\UI_ForgottenFeatherIcon.cpp">
      <Filter>03.UIObject\UI_ObjectPart\5.Inventory\UI_ForgottenFeatherIcon</Filter>
    </ClCompile>
    <ClCompile Include="..\Private\UI_Item_Icon.cpp">
      <Filter>03.UIObject\UI_ObjectPart\5.Inventory\UI_Item_Icon</Filter>
    </ClCompile>
    <ClCompile Include="..\Private\UIGroup_Iventory.cpp">
      <Filter>03.UIObject\UI_Scene\6.Inventory</Filter>
    </ClCompile>
    <ClCompile Include="..\Private\Level_UITest.cpp">
      <Filter>01.Level\03.UITest</Filter>
    </ClCompile>
    <ClCompile Include="..\Private\UI_DialogBackground.cpp">
      <Filter>03.UIObject\UI_ObjectPart\5.Inventory\UI_DialogBackground</Filter>
    </ClCompile>
    <ClCompile Include="..\Private\UI_LoadingScreen.cpp">
      <Filter>03.UIObject\UI_ObjectPart\4.Intro\UI_LoadingScreen</Filter>
    </ClCompile>
    <ClCompile Include="..\Private\UI_LoadingIcon.cpp">
      <Filter>03.UIObject\UI_ObjectPart\4.Intro\UI_LoadingIcon</Filter>
    </ClCompile>
    <ClCompile Include="..\Private\UI_LootNotifyBackground.cpp">
      <Filter>03.UIObject\UI_ObjectPart\6.PlayerMainScreen\UI_LootNotifyBackground</Filter>
    </ClCompile>
    <ClCompile Include="..\Private\UI_Talent_Icon.cpp">
      <Filter>03.UIObject\UI_ObjectPart\3.PlayerAttributeObj\UI_Talent_Icon</Filter>
    </ClCompile>
    <ClCompile Include="..\Private\UI_HPBar5_Track.cpp">
      <Filter>03.UIObject\UI_ObjectPart\6.PlayerMainScreen\UI_HPBar5_Track</Filter>
    </ClCompile>
    <ClCompile Include="..\Private\UI_LandingScreen.cpp">
      <Filter>03.UIObject\UI_ObjectPart\0.AllObj\UI_LandingScreen</Filter>
    </ClCompile>
    <ClCompile Include="..\Private\UI_MapEntryFrame.cpp">
      <Filter>03.UIObject\UI_ObjectPart\0.AllObj\UI_MapEntryFrame</Filter>
    </ClCompile>
    <ClCompile Include="..\Private\UI_Map_Save_Image.cpp">
      <Filter>03.UIObject\UI_ObjectPart\0.AllObj\UI_Map_Save_Image</Filter>
    </ClCompile>
    <ClCompile Include="..\Private\UI_MediaFrame.cpp">
      <Filter>03.UIObject\UI_ObjectPart\0.AllObj\UI_MediaFrame</Filter>
    </ClCompile>
    <ClCompile Include="..\Private\UI_Skill_Slot.cpp">
      <Filter>03.UIObject\UI_ObjectPart\7.Skill\UI_Skill_Slot</Filter>
    </ClCompile>
    <ClCompile Include="..\Private\UI_DialogueTalkBackground.cpp">
      <Filter>03.UIObject\UI_ObjectPart\Dialogue\UI_DialogueTalkBackground</Filter>
    </ClCompile>
    <ClCompile Include="..\Private\UI_DialogueWindowBackground.cpp">
      <Filter>03.UIObject\UI_ObjectPart\Dialogue\UI_DialogueWindowBackground</Filter>
    </ClCompile>
    <ClCompile Include="..\Private\UI_NextLineHint.cpp">
      <Filter>03.UIObject\UI_ObjectPart\Dialogue\UI_NextLineHint</Filter>
    </ClCompile>
    <ClCompile Include="..\Private\UI_FixSlotFrame.cpp">
      <Filter>03.UIObject\UI_ObjectPart\6.PlayerMainScreen\UI_PlunderSlotFrame\FixSlot</Filter>
    </ClCompile>
    <ClCompile Include="..\Private\UI_Bar_Poison.cpp">
      <Filter>03.UIObject\UI_ObjectPart\Poison\UI_Bar_Poison</Filter>
    </ClCompile>
    <ClCompile Include="..\Private\UI_Frame_Poison.cpp">
      <Filter>03.UIObject\UI_ObjectPart\Poison\UI_Frame_Poison</Filter>
    </ClCompile>
    <ClCompile Include="..\Private\UI_QuestBackground.cpp">
      <Filter>03.UIObject\UI_ObjectPart\Poison\UI_QuestBackground</Filter>
    </ClCompile>
  </ItemGroup>
  <ItemGroup>
    <Image Include="Client.ico">
      <Filter>98.Default</Filter>
    </Image>
    <Image Include="small.ico">
      <Filter>98.Default</Filter>
    </Image>
  </ItemGroup>
  <ItemGroup>
    <ResourceCompile Include="Client.rc">
      <Filter>98.Default</Filter>
    </ResourceCompile>
  </ItemGroup>
  <ItemGroup>
    <Text Include="ReadMe.txt">
      <Filter>98.Default</Filter>
    </Text>
  </ItemGroup>
  <ItemGroup>
    <FxCompile Include="..\Bin\ShaderFiles\Shader_VtxPosTex.hlsl">
      <Filter>97.ShaderFiles</Filter>
    </FxCompile>
    <FxCompile Include="..\Bin\ShaderFiles\Shader_VtxNorTex.hlsl">
      <Filter>97.ShaderFiles</Filter>
    </FxCompile>
    <FxCompile Include="..\Bin\ShaderFiles\Shader_VtxMesh.hlsl">
      <Filter>97.ShaderFiles</Filter>
    </FxCompile>
    <FxCompile Include="..\Bin\ShaderFiles\Shader_VtxAnimMesh.hlsl">
      <Filter>97.ShaderFiles</Filter>
    </FxCompile>
    <FxCompile Include="..\Bin\ShaderFiles\Shader_VtxPosTexInstance.hlsl">
      <Filter>97.ShaderFiles</Filter>
    </FxCompile>
    <FxCompile Include="..\Bin\ShaderFiles\Shader_VtxPointInstance.hlsl">
      <Filter>97.ShaderFiles</Filter>
    </FxCompile>
    <FxCompile Include="..\Bin\ShaderFiles\Shader_VtxCube.hlsl">
      <Filter>97.ShaderFiles</Filter>
    </FxCompile>
    <FxCompile Include="..\Bin\ShaderFiles\Shader_Water.hlsl">
      <Filter>97.ShaderFiles</Filter>
    </FxCompile>
    <FxCompile Include="..\Bin\ShaderFiles\Shader_VtxMeshNoDefferd.hlsl">
      <Filter>97.ShaderFiles</Filter>
    </FxCompile>
    <FxCompile Include="..\Bin\ShaderFiles\Shader_VtxAnimMeshNoDefferd.hlsl">
      <Filter>97.ShaderFiles</Filter>
    </FxCompile>
    <FxCompile Include="..\Bin\ShaderFiles\Shader_VtxPosTexAge.hlsl">
      <Filter>97.ShaderFiles</Filter>
    </FxCompile>
    <FxCompile Include="..\Bin\ShaderFiles\Shader_VtxPosTex_UI.hlsl">
      <Filter>97.ShaderFiles</Filter>
    </FxCompile>
  </ItemGroup>
</Project>